
Microsoft Visual Studio Solution File, Format Version 12.00
# Visual Studio Version 17
VisualStudioVersion = 17.9.34902.65
MinimumVisualStudioVersion = 10.0.40219.1
Project("{8BC9CEB8-8B4A-11D0-8D11-00A0C91BC942}") = "Module1Solution3", "Module1Solution3.vcxproj", "{11778CB6-31A0-45A5-8363-D574A8246CAB}"
EndProject
Global
	GlobalSection(SolutionConfigurationPlatforms) = preSolution
		Debug|x64 = Debug|x64
		Debug|x86 = Debug|x86
		Release|x64 = Release|x64
		Release|x86 = Release|x86
	EndGlobalSection
	GlobalSection(ProjectConfigurationPlatforms) = postSolution
		{11778CB6-31A0-45A5-8363-D574A8246CAB}.Debug|x64.ActiveCfg = Debug|x64
		{11778CB6-31A0-45A5-8363-D574A8246CAB}.Debug|x64.Build.0 = Debug|x64
		{11778CB6-31A0-45A5-8363-D574A8246CAB}.Debug|x86.ActiveCfg = Debug|Win32
		{11778CB6-31A0-45A5-8363-D574A8246CAB}.Debug|x86.Build.0 = Debug|Win32
		{11778CB6-31A0-45A5-8363-D574A8246CAB}.Release|x64.ActiveCfg = Release|x64
		{11778CB6-31A0-45A5-8363-D574A8246CAB}.Release|x64.Build.0 = Release|x64
		{11778CB6-31A0-45A5-8363-D574A8246CAB}.Release|x86.ActiveCfg = Release|Win32
		{11778CB6-31A0-45A5-8363-D574A8246CAB}.Release|x86.Build.0 = Release|Win32
	EndGlobalSection
	GlobalSection(SolutionProperties) = preSolution
		HideSolutionNode = FALSE
	EndGlobalSection
	GlobalSection(ExtensibilityGlobals) = postSolution
		SolutionGuid = {C04F13A5-D6F8-409C-ABF8-21123EAD3E8F}
	EndGlobalSection
EndGlobal
